// !$*UTF8*$!
{
	archiveVersion = 1;
	classes = {
	};
	objectVersion = 46;
	objects = {

/* Begin PBXBuildFile section */
		0E7767A51E37EA14001D2D18 /* FacebookSignInKit.framework in Frameworks */ = {isa = PBXBuildFile; fileRef = 0E77679B1E37EA14001D2D18 /* FacebookSignInKit.framework */; };
		0E7767AA1E37EA14001D2D18 /* FacebookSignInKitTests.swift in Sources */ = {isa = PBXBuildFile; fileRef = 0E7767A91E37EA14001D2D18 /* FacebookSignInKitTests.swift */; };
		0E7767AC1E37EA14001D2D18 /* FacebookSignInKit.h in Headers */ = {isa = PBXBuildFile; fileRef = 0E77679E1E37EA14001D2D18 /* FacebookSignInKit.h */; settings = {ATTRIBUTES = (Public, ); }; };
		0E7767B71E37EC3E001D2D18 /* FBSDKLoginKit.framework in Frameworks */ = {isa = PBXBuildFile; fileRef = 0E7767B61E37EC3E001D2D18 /* FBSDKLoginKit.framework */; };
		0E7767B91E37EC6A001D2D18 /* FacebookSignInController.swift in Sources */ = {isa = PBXBuildFile; fileRef = 0E7767B81E37EC6A001D2D18 /* FacebookSignInController.swift */; };
		0E7767BB1E37ED27001D2D18 /* FBSDKCoreKit.framework in Frameworks */ = {isa = PBXBuildFile; fileRef = 0E7767BA1E37ED27001D2D18 /* FBSDKCoreKit.framework */; };
		0E7767BD1E37FD61001D2D18 /* Bolts.framework in Frameworks */ = {isa = PBXBuildFile; fileRef = 0E7767BC1E37FD61001D2D18 /* Bolts.framework */; };
		0E7767BF1E37FE37001D2D18 /* FacebookAccessToken.swift in Sources */ = {isa = PBXBuildFile; fileRef = 0E7767BE1E37FE37001D2D18 /* FacebookAccessToken.swift */; };
		0E7767C11E3800EB001D2D18 /* FacebookLoginResult.swift in Sources */ = {isa = PBXBuildFile; fileRef = 0E7767C01E3800EB001D2D18 /* FacebookLoginResult.swift */; };
/* End PBXBuildFile section */

/* Begin PBXContainerItemProxy section */
		0E7767A61E37EA14001D2D18 /* PBXContainerItemProxy */ = {
			isa = PBXContainerItemProxy;
			containerPortal = 0E7767921E37EA14001D2D18 /* Project object */;
			proxyType = 1;
			remoteGlobalIDString = 0E77679A1E37EA14001D2D18;
			remoteInfo = FacebookSignInKit;
		};
/* End PBXContainerItemProxy section */

/* Begin PBXFileReference section */
		0E77679B1E37EA14001D2D18 /* FacebookSignInKit.framework */ = {isa = PBXFileReference; explicitFileType = wrapper.framework; includeInIndex = 0; path = FacebookSignInKit.framework; sourceTree = BUILT_PRODUCTS_DIR; };
		0E77679E1E37EA14001D2D18 /* FacebookSignInKit.h */ = {isa = PBXFileReference; lastKnownFileType = sourcecode.c.h; path = FacebookSignInKit.h; sourceTree = "<group>"; };
		0E77679F1E37EA14001D2D18 /* Info.plist */ = {isa = PBXFileReference; lastKnownFileType = text.plist.xml; path = Info.plist; sourceTree = "<group>"; };
		0E7767A41E37EA14001D2D18 /* FacebookSignInKitTests.xctest */ = {isa = PBXFileReference; explicitFileType = wrapper.cfbundle; includeInIndex = 0; path = FacebookSignInKitTests.xctest; sourceTree = BUILT_PRODUCTS_DIR; };
		0E7767A91E37EA14001D2D18 /* FacebookSignInKitTests.swift */ = {isa = PBXFileReference; lastKnownFileType = sourcecode.swift; path = FacebookSignInKitTests.swift; sourceTree = "<group>"; };
		0E7767AB1E37EA14001D2D18 /* Info.plist */ = {isa = PBXFileReference; lastKnownFileType = text.plist.xml; path = Info.plist; sourceTree = "<group>"; };
		0E7767B61E37EC3E001D2D18 /* FBSDKLoginKit.framework */ = {isa = PBXFileReference; lastKnownFileType = wrapper.framework; path = FBSDKLoginKit.framework; sourceTree = "<group>"; };
		0E7767B81E37EC6A001D2D18 /* FacebookSignInController.swift */ = {isa = PBXFileReference; fileEncoding = 4; lastKnownFileType = sourcecode.swift; path = FacebookSignInController.swift; sourceTree = "<group>"; };
		0E7767BA1E37ED27001D2D18 /* FBSDKCoreKit.framework */ = {isa = PBXFileReference; lastKnownFileType = wrapper.framework; path = FBSDKCoreKit.framework; sourceTree = "<group>"; };
		0E7767BC1E37FD61001D2D18 /* Bolts.framework */ = {isa = PBXFileReference; lastKnownFileType = wrapper.framework; path = Bolts.framework; sourceTree = "<group>"; };
		0E7767BE1E37FE37001D2D18 /* FacebookAccessToken.swift */ = {isa = PBXFileReference; fileEncoding = 4; lastKnownFileType = sourcecode.swift; path = FacebookAccessToken.swift; sourceTree = "<group>"; };
		0E7767C01E3800EB001D2D18 /* FacebookLoginResult.swift */ = {isa = PBXFileReference; fileEncoding = 4; lastKnownFileType = sourcecode.swift; path = FacebookLoginResult.swift; sourceTree = "<group>"; };
/* End PBXFileReference section */

/* Begin PBXFrameworksBuildPhase section */
		0E7767971E37EA14001D2D18 /* Frameworks */ = {
			isa = PBXFrameworksBuildPhase;
			buildActionMask = 2147483647;
			files = (
				0E7767BD1E37FD61001D2D18 /* Bolts.framework in Frameworks */,
				0E7767B71E37EC3E001D2D18 /* FBSDKLoginKit.framework in Frameworks */,
				0E7767BB1E37ED27001D2D18 /* FBSDKCoreKit.framework in Frameworks */,
			);
			runOnlyForDeploymentPostprocessing = 0;
		};
		0E7767A11E37EA14001D2D18 /* Frameworks */ = {
			isa = PBXFrameworksBuildPhase;
			buildActionMask = 2147483647;
			files = (
				0E7767A51E37EA14001D2D18 /* FacebookSignInKit.framework in Frameworks */,
			);
			runOnlyForDeploymentPostprocessing = 0;
		};
/* End PBXFrameworksBuildPhase section */

/* Begin PBXGroup section */
		0E7767911E37EA14001D2D18 = {
			isa = PBXGroup;
			children = (
				0E77679D1E37EA14001D2D18 /* FacebookSignInKit */,
				0E7767A81E37EA14001D2D18 /* FacebookSignInKitTests */,
				0E77679C1E37EA14001D2D18 /* Products */,
			);
			sourceTree = "<group>";
		};
		0E77679C1E37EA14001D2D18 /* Products */ = {
			isa = PBXGroup;
			children = (
				0E77679B1E37EA14001D2D18 /* FacebookSignInKit.framework */,
				0E7767A41E37EA14001D2D18 /* FacebookSignInKitTests.xctest */,
			);
			name = Products;
			sourceTree = "<group>";
		};
		0E77679D1E37EA14001D2D18 /* FacebookSignInKit */ = {
			isa = PBXGroup;
			children = (
				0E7767B51E37EC2B001D2D18 /* Frameworks */,
				0E7767BE1E37FE37001D2D18 /* FacebookAccessToken.swift */,
				0E7767C01E3800EB001D2D18 /* FacebookLoginResult.swift */,
				0E7767B81E37EC6A001D2D18 /* FacebookSignInController.swift */,
				0E77679E1E37EA14001D2D18 /* FacebookSignInKit.h */,
				0E77679F1E37EA14001D2D18 /* Info.plist */,
			);
			path = FacebookSignInKit;
			sourceTree = "<group>";
		};
		0E7767A81E37EA14001D2D18 /* FacebookSignInKitTests */ = {
			isa = PBXGroup;
			children = (
				0E7767A91E37EA14001D2D18 /* FacebookSignInKitTests.swift */,
				0E7767AB1E37EA14001D2D18 /* Info.plist */,
			);
			path = FacebookSignInKitTests;
			sourceTree = "<group>";
		};
		0E7767B51E37EC2B001D2D18 /* Frameworks */ = {
			isa = PBXGroup;
			children = (
				0E7767BC1E37FD61001D2D18 /* Bolts.framework */,
				0E7767BA1E37ED27001D2D18 /* FBSDKCoreKit.framework */,
				0E7767B61E37EC3E001D2D18 /* FBSDKLoginKit.framework */,
			);
			name = Frameworks;
			sourceTree = "<group>";
		};
/* End PBXGroup section */

/* Begin PBXHeadersBuildPhase section */
		0E7767981E37EA14001D2D18 /* Headers */ = {
			isa = PBXHeadersBuildPhase;
			buildActionMask = 2147483647;
			files = (
				0E7767AC1E37EA14001D2D18 /* FacebookSignInKit.h in Headers */,
			);
			runOnlyForDeploymentPostprocessing = 0;
		};
/* End PBXHeadersBuildPhase section */

/* Begin PBXNativeTarget section */
		0E77679A1E37EA14001D2D18 /* FacebookSignInKit */ = {
			isa = PBXNativeTarget;
			buildConfigurationList = 0E7767AF1E37EA14001D2D18 /* Build configuration list for PBXNativeTarget "FacebookSignInKit" */;
			buildPhases = (
				0E7767961E37EA14001D2D18 /* Sources */,
				0E7767971E37EA14001D2D18 /* Frameworks */,
				0E7767981E37EA14001D2D18 /* Headers */,
				0E7767991E37EA14001D2D18 /* Resources */,
			);
			buildRules = (
			);
			dependencies = (
			);
			name = FacebookSignInKit;
			productName = FacebookSignInKit;
			productReference = 0E77679B1E37EA14001D2D18 /* FacebookSignInKit.framework */;
			productType = "com.apple.product-type.framework";
		};
		0E7767A31E37EA14001D2D18 /* FacebookSignInKitTests */ = {
			isa = PBXNativeTarget;
			buildConfigurationList = 0E7767B21E37EA14001D2D18 /* Build configuration list for PBXNativeTarget "FacebookSignInKitTests" */;
			buildPhases = (
				0E7767A01E37EA14001D2D18 /* Sources */,
				0E7767A11E37EA14001D2D18 /* Frameworks */,
				0E7767A21E37EA14001D2D18 /* Resources */,
			);
			buildRules = (
			);
			dependencies = (
				0E7767A71E37EA14001D2D18 /* PBXTargetDependency */,
			);
			name = FacebookSignInKitTests;
			productName = FacebookSignInKitTests;
			productReference = 0E7767A41E37EA14001D2D18 /* FacebookSignInKitTests.xctest */;
			productType = "com.apple.product-type.bundle.unit-test";
		};
/* End PBXNativeTarget section */

/* Begin PBXProject section */
		0E7767921E37EA14001D2D18 /* Project object */ = {
			isa = PBXProject;
			attributes = {
				LastSwiftUpdateCheck = 0820;
				LastUpgradeCheck = 0820;
				ORGANIZATIONNAME = "Carlos Grossi";
				TargetAttributes = {
					0E77679A1E37EA14001D2D18 = {
						CreatedOnToolsVersion = 8.2.1;
						DevelopmentTeam = K34G3U98RH;
						LastSwiftMigration = 0820;
						ProvisioningStyle = Automatic;
					};
					0E7767A31E37EA14001D2D18 = {
						CreatedOnToolsVersion = 8.2.1;
						DevelopmentTeam = K34G3U98RH;
						ProvisioningStyle = Automatic;
					};
				};
			};
			buildConfigurationList = 0E7767951E37EA14001D2D18 /* Build configuration list for PBXProject "FacebookSignInKit" */;
			compatibilityVersion = "Xcode 3.2";
			developmentRegion = English;
			hasScannedForEncodings = 0;
			knownRegions = (
				en,
			);
			mainGroup = 0E7767911E37EA14001D2D18;
			productRefGroup = 0E77679C1E37EA14001D2D18 /* Products */;
			projectDirPath = "";
			projectRoot = "";
			targets = (
				0E77679A1E37EA14001D2D18 /* FacebookSignInKit */,
				0E7767A31E37EA14001D2D18 /* FacebookSignInKitTests */,
			);
		};
/* End PBXProject section */

/* Begin PBXResourcesBuildPhase section */
		0E7767991E37EA14001D2D18 /* Resources */ = {
			isa = PBXResourcesBuildPhase;
			buildActionMask = 2147483647;
			files = (
			);
			runOnlyForDeploymentPostprocessing = 0;
		};
		0E7767A21E37EA14001D2D18 /* Resources */ = {
			isa = PBXResourcesBuildPhase;
			buildActionMask = 2147483647;
			files = (
			);
			runOnlyForDeploymentPostprocessing = 0;
		};
/* End PBXResourcesBuildPhase section */

/* Begin PBXSourcesBuildPhase section */
		0E7767961E37EA14001D2D18 /* Sources */ = {
			isa = PBXSourcesBuildPhase;
			buildActionMask = 2147483647;
			files = (
				0E7767C11E3800EB001D2D18 /* FacebookLoginResult.swift in Sources */,
				0E7767B91E37EC6A001D2D18 /* FacebookSignInController.swift in Sources */,
				0E7767BF1E37FE37001D2D18 /* FacebookAccessToken.swift in Sources */,
			);
			runOnlyForDeploymentPostprocessing = 0;
		};
		0E7767A01E37EA14001D2D18 /* Sources */ = {
			isa = PBXSourcesBuildPhase;
			buildActionMask = 2147483647;
			files = (
				0E7767AA1E37EA14001D2D18 /* FacebookSignInKitTests.swift in Sources */,
			);
			runOnlyForDeploymentPostprocessing = 0;
		};
/* End PBXSourcesBuildPhase section */

/* Begin PBXTargetDependency section */
		0E7767A71E37EA14001D2D18 /* PBXTargetDependency */ = {
			isa = PBXTargetDependency;
			target = 0E77679A1E37EA14001D2D18 /* FacebookSignInKit */;
			targetProxy = 0E7767A61E37EA14001D2D18 /* PBXContainerItemProxy */;
		};
/* End PBXTargetDependency section */

/* Begin XCBuildConfiguration section */
		0E7767AD1E37EA14001D2D18 /* Debug */ = {
			isa = XCBuildConfiguration;
			buildSettings = {
				ALWAYS_SEARCH_USER_PATHS = NO;
				CLANG_ANALYZER_NONNULL = YES;
				CLANG_CXX_LANGUAGE_STANDARD = "gnu++0x";
				CLANG_CXX_LIBRARY = "libc++";
				CLANG_ENABLE_MODULES = YES;
				CLANG_ENABLE_OBJC_ARC = YES;
				CLANG_WARN_BOOL_CONVERSION = YES;
				CLANG_WARN_CONSTANT_CONVERSION = YES;
				CLANG_WARN_DIRECT_OBJC_ISA_USAGE = YES_ERROR;
				CLANG_WARN_DOCUMENTATION_COMMENTS = YES;
				CLANG_WARN_EMPTY_BODY = YES;
				CLANG_WARN_ENUM_CONVERSION = YES;
				CLANG_WARN_INFINITE_RECURSION = YES;
				CLANG_WARN_INT_CONVERSION = YES;
				CLANG_WARN_OBJC_ROOT_CLASS = YES_ERROR;
				CLANG_WARN_SUSPICIOUS_MOVE = YES;
				CLANG_WARN_UNREACHABLE_CODE = YES;
				CLANG_WARN__DUPLICATE_METHOD_MATCH = YES;
				"CODE_SIGN_IDENTITY[sdk=iphoneos*]" = "iPhone Developer";
				COPY_PHASE_STRIP = NO;
				CURRENT_PROJECT_VERSION = 1;
				DEBUG_INFORMATION_FORMAT = dwarf;
				ENABLE_STRICT_OBJC_MSGSEND = YES;
				ENABLE_TESTABILITY = YES;
				GCC_C_LANGUAGE_STANDARD = gnu99;
				GCC_DYNAMIC_NO_PIC = NO;
				GCC_NO_COMMON_BLOCKS = YES;
				GCC_OPTIMIZATION_LEVEL = 0;
				GCC_PREPROCESSOR_DEFINITIONS = (
					"DEBUG=1",
					"$(inherited)",
				);
				GCC_WARN_64_TO_32_BIT_CONVERSION = YES;
				GCC_WARN_ABOUT_RETURN_TYPE = YES_ERROR;
				GCC_WARN_UNDECLARED_SELECTOR = YES;
				GCC_WARN_UNINITIALIZED_AUTOS = YES_AGGRESSIVE;
				GCC_WARN_UNUSED_FUNCTION = YES;
				GCC_WARN_UNUSED_VARIABLE = YES;
				IPHONEOS_DEPLOYMENT_TARGET = 10.2;
				MTL_ENABLE_DEBUG_INFO = YES;
				ONLY_ACTIVE_ARCH = YES;
				SDKROOT = iphoneos;
				SWIFT_ACTIVE_COMPILATION_CONDITIONS = DEBUG;
				SWIFT_OPTIMIZATION_LEVEL = "-Onone";
				TARGETED_DEVICE_FAMILY = "1,2";
				VERSIONING_SYSTEM = "apple-generic";
				VERSION_INFO_PREFIX = "";
			};
			name = Debug;
		};
		0E7767AE1E37EA14001D2D18 /* Release */ = {
			isa = XCBuildConfiguration;
			buildSettings = {
				ALWAYS_SEARCH_USER_PATHS = NO;
				CLANG_ANALYZER_NONNULL = YES;
				CLANG_CXX_LANGUAGE_STANDARD = "gnu++0x";
				CLANG_CXX_LIBRARY = "libc++";
				CLANG_ENABLE_MODULES = YES;
				CLANG_ENABLE_OBJC_ARC = YES;
				CLANG_WARN_BOOL_CONVERSION = YES;
				CLANG_WARN_CONSTANT_CONVERSION = YES;
				CLANG_WARN_DIRECT_OBJC_ISA_USAGE = YES_ERROR;
				CLANG_WARN_DOCUMENTATION_COMMENTS = YES;
				CLANG_WARN_EMPTY_BODY = YES;
				CLANG_WARN_ENUM_CONVERSION = YES;
				CLANG_WARN_INFINITE_RECURSION = YES;
				CLANG_WARN_INT_CONVERSION = YES;
				CLANG_WARN_OBJC_ROOT_CLASS = YES_ERROR;
				CLANG_WARN_SUSPICIOUS_MOVE = YES;
				CLANG_WARN_UNREACHABLE_CODE = YES;
				CLANG_WARN__DUPLICATE_METHOD_MATCH = YES;
				"CODE_SIGN_IDENTITY[sdk=iphoneos*]" = "iPhone Developer";
				COPY_PHASE_STRIP = NO;
				CURRENT_PROJECT_VERSION = 1;
				DEBUG_INFORMATION_FORMAT = "dwarf-with-dsym";
				ENABLE_NS_ASSERTIONS = NO;
				ENABLE_STRICT_OBJC_MSGSEND = YES;
				GCC_C_LANGUAGE_STANDARD = gnu99;
				GCC_NO_COMMON_BLOCKS = YES;
				GCC_WARN_64_TO_32_BIT_CONVERSION = YES;
				GCC_WARN_ABOUT_RETURN_TYPE = YES_ERROR;
				GCC_WARN_UNDECLARED_SELECTOR = YES;
				GCC_WARN_UNINITIALIZED_AUTOS = YES_AGGRESSIVE;
				GCC_WARN_UNUSED_FUNCTION = YES;
				GCC_WARN_UNUSED_VARIABLE = YES;
				IPHONEOS_DEPLOYMENT_TARGET = 10.2;
				MTL_ENABLE_DEBUG_INFO = NO;
				SDKROOT = iphoneos;
				SWIFT_OPTIMIZATION_LEVEL = "-Owholemodule";
				TARGETED_DEVICE_FAMILY = "1,2";
				VALIDATE_PRODUCT = YES;
				VERSIONING_SYSTEM = "apple-generic";
				VERSION_INFO_PREFIX = "";
			};
			name = Release;
		};
		0E7767B01E37EA14001D2D18 /* Debug */ = {
			isa = XCBuildConfiguration;
			buildSettings = {
				CLANG_ENABLE_MODULES = YES;
				CODE_SIGN_IDENTITY = "";
				DEFINES_MODULE = YES;
				DEVELOPMENT_TEAM = K34G3U98RH;
				DYLIB_COMPATIBILITY_VERSION = 1;
				DYLIB_CURRENT_VERSION = 1;
				DYLIB_INSTALL_NAME_BASE = "@rpath";
				FRAMEWORK_SEARCH_PATHS = (
					"$(inherited)",
					"$(PROJECT_DIR)/**",
				);
				INFOPLIST_FILE = FacebookSignInKit/Info.plist;
				INSTALL_PATH = "$(LOCAL_LIBRARY_DIR)/Frameworks";
				IPHONEOS_DEPLOYMENT_TARGET = 8.0;
				LD_RUNPATH_SEARCH_PATHS = "$(inherited) @executable_path/Frameworks @loader_path/Frameworks";
				PRODUCT_BUNDLE_IDENTIFIER = net.DayOneDigital.FacebookSignInKit;
				PRODUCT_NAME = "$(TARGET_NAME)";
				SKIP_INSTALL = YES;
				SWIFT_OPTIMIZATION_LEVEL = "-Onone";
				SWIFT_VERSION = 3.0;
			};
			name = Debug;
		};
		0E7767B11E37EA14001D2D18 /* Release */ = {
			isa = XCBuildConfiguration;
			buildSettings = {
				CLANG_ENABLE_MODULES = YES;
				CODE_SIGN_IDENTITY = "";
				DEFINES_MODULE = YES;
				DEVELOPMENT_TEAM = K34G3U98RH;
				DYLIB_COMPATIBILITY_VERSION = 1;
				DYLIB_CURRENT_VERSION = 1;
				DYLIB_INSTALL_NAME_BASE = "@rpath";
				FRAMEWORK_SEARCH_PATHS = (
					"$(inherited)",
					"$(PROJECT_DIR)/**",
				);
				INFOPLIST_FILE = FacebookSignInKit/Info.plist;
				INSTALL_PATH = "$(LOCAL_LIBRARY_DIR)/Frameworks";
				IPHONEOS_DEPLOYMENT_TARGET = 8.0;
				LD_RUNPATH_SEARCH_PATHS = "$(inherited) @executable_path/Frameworks @loader_path/Frameworks";
				PRODUCT_BUNDLE_IDENTIFIER = net.DayOneDigital.FacebookSignInKit;
				PRODUCT_NAME = "$(TARGET_NAME)";
				SKIP_INSTALL = YES;
				SWIFT_VERSION = 3.0;
			};
			name = Release;
		};
		0E7767B31E37EA14001D2D18 /* Debug */ = {
			isa = XCBuildConfiguration;
			buildSettings = {
				ALWAYS_EMBED_SWIFT_STANDARD_LIBRARIES = YES;
				DEVELOPMENT_TEAM = K34G3U98RH;
				INFOPLIST_FILE = FacebookSignInKitTests/Info.plist;
				LD_RUNPATH_SEARCH_PATHS = "$(inherited) @executable_path/Frameworks @loader_path/Frameworks";
				PRODUCT_BUNDLE_IDENTIFIER = net.DayOneDigital.FacebookSignInKitTests;
				PRODUCT_NAME = "$(TARGET_NAME)";
				SWIFT_VERSION = 3.0;
			};
			name = Debug;
		};
		0E7767B41E37EA14001D2D18 /* Release */ = {
			isa = XCBuildConfiguration;
			buildSettings = {
				ALWAYS_EMBED_SWIFT_STANDARD_LIBRARIES = YES;
				DEVELOPMENT_TEAM = K34G3U98RH;
				INFOPLIST_FILE = FacebookSignInKitTests/Info.plist;
				LD_RUNPATH_SEARCH_PATHS = "$(inherited) @executable_path/Frameworks @loader_path/Frameworks";
				PRODUCT_BUNDLE_IDENTIFIER = net.DayOneDigital.FacebookSignInKitTests;
				PRODUCT_NAME = "$(TARGET_NAME)";
				SWIFT_VERSION = 3.0;
			};
			name = Release;
		};
/* End XCBuildConfiguration section */

/* Begin XCConfigurationList section */
		0E7767951E37EA14001D2D18 /* Build configuration list for PBXProject "FacebookSignInKit" */ = {
			isa = XCConfigurationList;
			buildConfigurations = (
				0E7767AD1E37EA14001D2D18 /* Debug */,
				0E7767AE1E37EA14001D2D18 /* Release */,
			);
			defaultConfigurationIsVisible = 0;
			defaultConfigurationName = Release;
		};
		0E7767AF1E37EA14001D2D18 /* Build configuration list for PBXNativeTarget "FacebookSignInKit" */ = {
			isa = XCConfigurationList;
			buildConfigurations = (
				0E7767B01E37EA14001D2D18 /* Debug */,
				0E7767B11E37EA14001D2D18 /* Release */,
			);
			defaultConfigurationIsVisible = 0;
			defaultConfigurationName = Release;
		};
		0E7767B21E37EA14001D2D18 /* Build configuration list for PBXNativeTarget "FacebookSignInKitTests" */ = {
			isa = XCConfigurationList;
			buildConfigurations = (
				0E7767B31E37EA14001D2D18 /* Debug */,
				0E7767B41E37EA14001D2D18 /* Release */,
			);
			defaultConfigurationIsVisible = 0;
			defaultConfigurationName = Release;
		};
/* End XCConfigurationList section */
	};
	rootObject = 0E7767921E37EA14001D2D18 /* Project object */;
}
